
Microsoft Visual Studio Solution File, Format Version 12.00
# Visual Studio Version 17
VisualStudioVersion = 17.14.36408.4 d17.14
MinimumVisualStudioVersion = 10.0.40219.1
Project("{FAE04EC0-301F-11D3-BF4B-00C04F79EFBC}") = "DemoGitHub", "DemoGitHub\DemoGitHub.csproj", "{D5EC2DA2-B13B-4FF0-9829-19938E07D600}"
EndProject
Global
	GlobalSection(SolutionConfigurationPlatforms) = preSolution
		Debug|Any CPU = Debug|Any CPU
		Release|Any CPU = Release|Any CPU
	EndGlobalSection
	GlobalSection(ProjectConfigurationPlatforms) = postSolution
		{D5EC2DA2-B13B-4FF0-9829-19938E07D600}.Debug|Any CPU.ActiveCfg = Debug|Any CPU
		{D5EC2DA2-B13B-4FF0-9829-19938E07D600}.Debug|Any CPU.Build.0 = Debug|Any CPU
		{D5EC2DA2-B13B-4FF0-9829-19938E07D600}.Release|Any CPU.ActiveCfg = Release|Any CPU
		{D5EC2DA2-B13B-4FF0-9829-19938E07D600}.Release|Any CPU.Build.0 = Release|Any CPU
	EndGlobalSection
	GlobalSection(SolutionProperties) = preSolution
		HideSolutionNode = FALSE
	EndGlobalSection
	GlobalSection(ExtensibilityGlobals) = postSolution
		SolutionGuid = {4960D581-5ABB-4276-A4D9-E23E430E4634}
	EndGlobalSection
EndGlobal
